<?xml version="1.0" encoding="utf-8"?>
<Project ToolsVersion="4.0" xmlns="http://schemas.microsoft.com/developer/msbuild/2003">
  <ItemGroup>
    <Filter Include="Source Files">
      <UniqueIdentifier>{4FC737F1-C7A5-4376-A066-2A32D752A2FF}</UniqueIdentifier>
      <Extensions>cpp;c;cc;cxx;c++;cppm;ixx;def;odl;idl;hpj;bat;asm;asmx</Extensions>
    </Filter>
    <Filter Include="Header Files">
      <UniqueIdentifier>{93995380-89BD-4b04-88EB-625FBE52EBFB}</UniqueIdentifier>
      <Extensions>h;hh;hpp;hxx;h++;hm;inl;inc;ipp;xsd</Extensions>
    </Filter>
    <Filter Include="Resource Files">
      <UniqueIdentifier>{67DA6AB6-F800-4c08-8B7A-83BB121AAD01}</UniqueIdentifier>
      <Extensions>rc;ico;cur;bmp;dlg;rc2;rct;bin;rgs;gif;jpg;jpeg;jpe;resx;tiff;tif;png;wav;mfcribbon-ms</Extensions>
    </Filter>
    <Filter Include="Source Files\BlackJack">
      <UniqueIdentifier>{b893ebcb-e026-4c3e-a7a4-fcfdfa75f0a4}</UniqueIdentifier>
    </Filter>
    <Filter Include="Header Files\BlackJack">
      <UniqueIdentifier>{05e0304a-16b2-4ccc-ad08-91080a38c39b}</UniqueIdentifier>
    </Filter>
    <Filter Include="Header Files\MazeExploration">
      <UniqueIdentifier>{af6e0786-2279-463e-b3ed-3da33fe151bf}</UniqueIdentifier>
    </Filter>
    <Filter Include="Source Files\MazeExploration">
      <UniqueIdentifier>{18c21ab0-9595-4397-af81-3829845ea8ae}</UniqueIdentifier>
    </Filter>
  </ItemGroup>
  <ItemGroup>
    <ClCompile Include="GamePlayground.cpp">
      <Filter>Source Files</Filter>
    </ClCompile>
    <ClCompile Include="NumberGuessingGame.cpp">
      <Filter>Source Files</Filter>
    </ClCompile>
    <ClCompile Include="RockScissorsPaperGame.cpp">
      <Filter>Source Files</Filter>
    </ClCompile>
    <ClCompile Include="TypingGame.cpp">
      <Filter>Source Files</Filter>
    </ClCompile>
    <ClCompile Include="Card.cpp">
      <Filter>Source Files\BlackJack</Filter>
    </ClCompile>
    <ClCompile Include="BlackJack.cpp">
      <Filter>Source Files</Filter>
    </ClCompile>
    <ClCompile Include="Deck.cpp">
      <Filter>Source Files\BlackJack</Filter>
    </ClCompile>
    <ClCompile Include="Player.cpp">
      <Filter>Source Files\BlackJack</Filter>
    </ClCompile>
    <ClCompile Include="MazeExplorationGame.cpp">
      <Filter>Source Files</Filter>
    </ClCompile>
    <ClCompile Include="Map.cpp">
      <Filter>Source Files\MazeExploration</Filter>
    </ClCompile>
    <ClCompile Include="Explorer.cpp">
      <Filter>Source Files\MazeExploration</Filter>
    </ClCompile>
    <ClCompile Include="LifeGame.cpp">
      <Filter>Source Files</Filter>
    </ClCompile>
    <ClCompile Include="GameOfLife.cpp">
      <Filter>Source Files</Filter>
    </ClCompile>
  </ItemGroup>
  <ItemGroup>
    <ClInclude Include="Game.h">
      <Filter>Header Files</Filter>
    </ClInclude>
    <ClInclude Include="GameManager.h">
      <Filter>Header Files</Filter>
    </ClInclude>
    <ClInclude Include="NumberGuessingGame.h">
      <Filter>Header Files</Filter>
    </ClInclude>
    <ClInclude Include="RockScissorsPaperGame.h">
      <Filter>Header Files</Filter>
    </ClInclude>
    <ClInclude Include="TypingGame.h">
      <Filter>Header Files</Filter>
    </ClInclude>
    <ClInclude Include="Card.h">
      <Filter>Header Files\BlackJack</Filter>
    </ClInclude>
    <ClInclude Include="BlackJack.h">
      <Filter>Header Files</Filter>
    </ClInclude>
    <ClInclude Include="Deck.h">
      <Filter>Header Files\BlackJack</Filter>
    </ClInclude>
    <ClInclude Include="Player.h">
      <Filter>Header Files\BlackJack</Filter>
    </ClInclude>
    <ClInclude Include="MazeExplorationGame.h">
      <Filter>Header Files</Filter>
    </ClInclude>
    <ClInclude Include="Explorer.h">
      <Filter>Header Files\MazeExploration</Filter>
    </ClInclude>
    <ClInclude Include="Map.h">
      <Filter>Header Files\MazeExploration</Filter>
    </ClInclude>
    <ClInclude Include="LifeGame.h">
      <Filter>Header Files</Filter>
    </ClInclude>
    <ClInclude Include="GameOfLife.h">
      <Filter>Header Files</Filter>
    </ClInclude>
  </ItemGroup>
</Project>